Microsoft Visual Studio Solution File, Format Version 12.00
Project("{2150E333-8FDC-42A3-9474-1A3956D46DE8}") = "Savers", "Savers", "{359A4EC7-E891-43F6-B439-871C31C5933D}"
EndProject
Project("{2150E333-8FDC-42A3-9474-1A3956D46DE8}") = "Tests", "Tests", "{5CCCD43C-311C-45DF-9445-6A167111F4A7}"
EndProject
Project("{FAE04EC0-301F-11D3-BF4B-00C04F79EFBC}") = "Savers.Shared", "Savers.Shared\Savers.Shared.csproj", "{4E21D5DA-AB69-496C-8F80-3FDFDE7A8316}"
EndProject
Project("{FAE04EC0-301F-11D3-BF4B-00C04F79EFBC}") = "Savers.MySql", "Savers.MySql\Savers.MySql.csproj", "{03480B87-8CBD-45CA-8D19-546682C95390}"
EndProject
Project("{FAE04EC0-301F-11D3-BF4B-00C04F79EFBC}") = "Savers.Tests.MySql", "Savers.Tests.MySql\Savers.Tests.MySql.csproj", "{EF487D14-EEEE-4D24-8EAF-86B73E0079E3}"
EndProject
Global
	GlobalSection(SolutionConfigurationPlatforms) = preSolution
		Debug|Any CPU = Debug|Any CPU
		Release|Any CPU = Release|Any CPU
	EndGlobalSection
	GlobalSection(ProjectConfigurationPlatforms) = postSolution
		{4E21D5DA-AB69-496C-8F80-3FDFDE7A8316}.Debug|Any CPU.ActiveCfg = Debug|Any CPU
		{4E21D5DA-AB69-496C-8F80-3FDFDE7A8316}.Debug|Any CPU.Build.0 = Debug|Any CPU
		{4E21D5DA-AB69-496C-8F80-3FDFDE7A8316}.Release|Any CPU.ActiveCfg = Release|Any CPU
		{4E21D5DA-AB69-496C-8F80-3FDFDE7A8316}.Release|Any CPU.Build.0 = Release|Any CPU
		{03480B87-8CBD-45CA-8D19-546682C95390}.Debug|Any CPU.ActiveCfg = Debug|Any CPU
		{03480B87-8CBD-45CA-8D19-546682C95390}.Debug|Any CPU.Build.0 = Debug|Any CPU
		{03480B87-8CBD-45CA-8D19-546682C95390}.Release|Any CPU.ActiveCfg = Release|Any CPU
		{03480B87-8CBD-45CA-8D19-546682C95390}.Release|Any CPU.Build.0 = Release|Any CPU
		{EF487D14-EEEE-4D24-8EAF-86B73E0079E3}.Debug|Any CPU.ActiveCfg = Debug|Any CPU
		{EF487D14-EEEE-4D24-8EAF-86B73E0079E3}.Debug|Any CPU.Build.0 = Debug|Any CPU
		{EF487D14-EEEE-4D24-8EAF-86B73E0079E3}.Release|Any CPU.ActiveCfg = Release|Any CPU
		{EF487D14-EEEE-4D24-8EAF-86B73E0079E3}.Release|Any CPU.Build.0 = Release|Any CPU
	EndGlobalSection
	GlobalSection(NestedProjects) = preSolution
		{03480B87-8CBD-45CA-8D19-546682C95390} = {359A4EC7-E891-43F6-B439-871C31C5933D}
		{EF487D14-EEEE-4D24-8EAF-86B73E0079E3} = {5CCCD43C-311C-45DF-9445-6A167111F4A7}
	EndGlobalSection
EndGlobal
