Microsoft Visual Studio Solution File, Format Version 12.00
Project("{FAE04EC0-301F-11D3-BF4B-00C04F79EFBC}") = "Savers.Shared", "Savers.Shared\Savers.Shared.csproj", "{C084A80C-9ED2-42C5-80E3-71E5E27B1D79}"
EndProject
Project("{2150E333-8FDC-42A3-9474-1A3956D46DE8}") = "Tests", "Tests", "{5FEB0560-2B5E-4CE2-9602-3C820543CA95}"
EndProject
Project("{2150E333-8FDC-42A3-9474-1A3956D46DE8}") = "Savers", "Savers", "{ABA2941E-34C3-4E67-A3CD-1013650604C1}"
EndProject
Project("{FAE04EC0-301F-11D3-BF4B-00C04F79EFBC}") = "Savers.Tests.MySql", "Savers.Tests.MySql\Savers.Tests.MySql.csproj", "{C3D23FCD-F1FA-407E-84DD-A3CEF8C6FB84}"
EndProject
Project("{FAE04EC0-301F-11D3-BF4B-00C04F79EFBC}") = "Savers.MySql", "Savers.MySql\Savers.MySql.csproj", "{5C7F600A-E95D-4B1C-A0AF-26C3A50400F9}"
EndProject
Project("{FAE04EC0-301F-11D3-BF4B-00C04F79EFBC}") = "Savers.SqlLite", "Savers.SqlLite\Savers.SqlLite.csproj", "{AFDE0359-E4D7-4D0D-8322-B0F63186CB04}"
EndProject
Global
	GlobalSection(SolutionConfigurationPlatforms) = preSolution
		Debug|Any CPU = Debug|Any CPU
		Release|Any CPU = Release|Any CPU
	EndGlobalSection
	GlobalSection(ProjectConfigurationPlatforms) = postSolution
		{C084A80C-9ED2-42C5-80E3-71E5E27B1D79}.Debug|Any CPU.ActiveCfg = Debug|Any CPU
		{C084A80C-9ED2-42C5-80E3-71E5E27B1D79}.Debug|Any CPU.Build.0 = Debug|Any CPU
		{C084A80C-9ED2-42C5-80E3-71E5E27B1D79}.Release|Any CPU.ActiveCfg = Release|Any CPU
		{C084A80C-9ED2-42C5-80E3-71E5E27B1D79}.Release|Any CPU.Build.0 = Release|Any CPU
		{C3D23FCD-F1FA-407E-84DD-A3CEF8C6FB84}.Debug|Any CPU.ActiveCfg = Debug|Any CPU
		{C3D23FCD-F1FA-407E-84DD-A3CEF8C6FB84}.Debug|Any CPU.Build.0 = Debug|Any CPU
		{C3D23FCD-F1FA-407E-84DD-A3CEF8C6FB84}.Release|Any CPU.ActiveCfg = Release|Any CPU
		{C3D23FCD-F1FA-407E-84DD-A3CEF8C6FB84}.Release|Any CPU.Build.0 = Release|Any CPU
		{5C7F600A-E95D-4B1C-A0AF-26C3A50400F9}.Debug|Any CPU.ActiveCfg = Debug|Any CPU
		{5C7F600A-E95D-4B1C-A0AF-26C3A50400F9}.Debug|Any CPU.Build.0 = Debug|Any CPU
		{5C7F600A-E95D-4B1C-A0AF-26C3A50400F9}.Release|Any CPU.ActiveCfg = Release|Any CPU
		{5C7F600A-E95D-4B1C-A0AF-26C3A50400F9}.Release|Any CPU.Build.0 = Release|Any CPU
		{AFDE0359-E4D7-4D0D-8322-B0F63186CB04}.Debug|Any CPU.ActiveCfg = Debug|Any CPU
		{AFDE0359-E4D7-4D0D-8322-B0F63186CB04}.Debug|Any CPU.Build.0 = Debug|Any CPU
		{AFDE0359-E4D7-4D0D-8322-B0F63186CB04}.Release|Any CPU.ActiveCfg = Release|Any CPU
		{AFDE0359-E4D7-4D0D-8322-B0F63186CB04}.Release|Any CPU.Build.0 = Release|Any CPU
	EndGlobalSection
	GlobalSection(NestedProjects) = preSolution
		{C3D23FCD-F1FA-407E-84DD-A3CEF8C6FB84} = {5FEB0560-2B5E-4CE2-9602-3C820543CA95}
		{5C7F600A-E95D-4B1C-A0AF-26C3A50400F9} = {ABA2941E-34C3-4E67-A3CD-1013650604C1}
		{AFDE0359-E4D7-4D0D-8322-B0F63186CB04} = {ABA2941E-34C3-4E67-A3CD-1013650604C1}
	EndGlobalSection
EndGlobal
